// !$*UTF8*$!
{
	archiveVersion = 1;
	classes = {
	};
	objectVersion = 77;
	objects = {

/* Begin PBXBuildFile section */
		7415CD1E2D3C2184008C36E1 /* FirebaseAnalytics in Frameworks */ = {isa = PBXBuildFile; productRef = 7415CD1D2D3C2184008C36E1 /* FirebaseAnalytics */; settings = {ATTRIBUTES = (Weak, ); }; };
		7415CD202D3C2184008C36E1 /* FirebaseAnalyticsOnDeviceConversion in Frameworks */ = {isa = PBXBuildFile; productRef = 7415CD1F2D3C2184008C36E1 /* FirebaseAnalyticsOnDeviceConversion */; settings = {ATTRIBUTES = (Weak, ); }; };
		7415CD222D3C2184008C36E1 /* FirebaseAnalyticsWithoutAdIdSupport in Frameworks */ = {isa = PBXBuildFile; productRef = 7415CD212D3C2184008C36E1 /* FirebaseAnalyticsWithoutAdIdSupport */; settings = {ATTRIBUTES = (Weak, ); }; };
		7415CD242D3C2184008C36E1 /* FirebaseAppCheck in Frameworks */ = {isa = PBXBuildFile; productRef = 7415CD232D3C2184008C36E1 /* FirebaseAppCheck */; settings = {ATTRIBUTES = (Required, ); }; };
		7415CD262D3C2184008C36E1 /* FirebaseAppDistribution-Beta in Frameworks */ = {isa = PBXBuildFile; productRef = 7415CD252D3C2184008C36E1 /* FirebaseAppDistribution-Beta */; settings = {ATTRIBUTES = (Weak, ); }; };
		7415CD282D3C3DF3008C36E1 /* FirebaseFirestore in Frameworks */ = {isa = PBXBuildFile; productRef = 7415CD272D3C3DF3008C36E1 /* FirebaseFirestore */; };
		7415CD2A2D3C3E18008C36E1 /* FirebaseCore in Frameworks */ = {isa = PBXBuildFile; productRef = 7415CD292D3C3E18008C36E1 /* FirebaseCore */; };
		7415CD2C2D3C3F15008C36E1 /* FirebaseAuth in Frameworks */ = {isa = PBXBuildFile; productRef = 7415CD2B2D3C3F15008C36E1 /* FirebaseAuth */; };
		7415CD2E2D3C3F22008C36E1 /* FirebaseStorage in Frameworks */ = {isa = PBXBuildFile; productRef = 7415CD2D2D3C3F22008C36E1 /* FirebaseStorage */; };
		742C8A0A2D4C3A2200DB92CC /* FirebaseAppCheck in Frameworks */ = {isa = PBXBuildFile; productRef = 742C8A092D4C3A2200DB92CC /* FirebaseAppCheck */; };
		74505E1F2D35D9E600474952 /* WidgetKit.framework in Frameworks */ = {isa = PBXBuildFile; fileRef = 74505E1E2D35D9E500474952 /* WidgetKit.framework */; };
		74505E212D35D9E600474952 /* SwiftUI.framework in Frameworks */ = {isa = PBXBuildFile; fileRef = 74505E202D35D9E600474952 /* SwiftUI.framework */; };
		74505E2E2D35D9E900474952 /* MealPlanExtension.appex in Embed Foundation Extensions */ = {isa = PBXBuildFile; fileRef = 74505E1C2D35D9E500474952 /* MealPlanExtension.appex */; settings = {ATTRIBUTES = (RemoveHeadersOnCopy, ); }; };
		74727A962D4C414100E8D7FC /* APIManager.swift in Sources */ = {isa = PBXBuildFile; fileRef = 74727A952D4C414100E8D7FC /* APIManager.swift */; };
/* End PBXBuildFile section */

/* Begin PBXContainerItemProxy section */
		7400E1122D35CE1D0013D1FC /* PBXContainerItemProxy */ = {
			isa = PBXContainerItemProxy;
			containerPortal = 7400E0F92D35CE190013D1FC /* Project object */;
			proxyType = 1;
			remoteGlobalIDString = 7400E1002D35CE1A0013D1FC;
			remoteInfo = HikeBite;
		};
		7400E11C2D35CE1D0013D1FC /* PBXContainerItemProxy */ = {
			isa = PBXContainerItemProxy;
			containerPortal = 7400E0F92D35CE190013D1FC /* Project object */;
			proxyType = 1;
			remoteGlobalIDString = 7400E1002D35CE1A0013D1FC;
			remoteInfo = HikeBite;
		};
		74505E2C2D35D9E900474952 /* PBXContainerItemProxy */ = {
			isa = PBXContainerItemProxy;
			containerPortal = 7400E0F92D35CE190013D1FC /* Project object */;
			proxyType = 1;
			remoteGlobalIDString = 74505E1B2D35D9E500474952;
			remoteInfo = MealPlanExtension;
		};
/* End PBXContainerItemProxy section */

/* Begin PBXCopyFilesBuildPhase section */
		74505E332D35D9E900474952 /* Embed Foundation Extensions */ = {
			isa = PBXCopyFilesBuildPhase;
			buildActionMask = 2147483647;
			dstPath = "";
			dstSubfolderSpec = 13;
			files = (
				74505E2E2D35D9E900474952 /* MealPlanExtension.appex in Embed Foundation Extensions */,
			);
			name = "Embed Foundation Extensions";
			runOnlyForDeploymentPostprocessing = 0;
		};
/* End PBXCopyFilesBuildPhase section */

/* Begin PBXFileReference section */
		7400E1012D35CE1A0013D1FC /* HikeBite.app */ = {isa = PBXFileReference; explicitFileType = wrapper.application; includeInIndex = 0; path = HikeBite.app; sourceTree = BUILT_PRODUCTS_DIR; };
		7400E1112D35CE1D0013D1FC /* HikeBiteTests.xctest */ = {isa = PBXFileReference; explicitFileType = wrapper.cfbundle; includeInIndex = 0; path = HikeBiteTests.xctest; sourceTree = BUILT_PRODUCTS_DIR; };
		7400E11B2D35CE1D0013D1FC /* HikeBiteUITests.xctest */ = {isa = PBXFileReference; explicitFileType = wrapper.cfbundle; includeInIndex = 0; path = HikeBiteUITests.xctest; sourceTree = BUILT_PRODUCTS_DIR; };
		74505E1C2D35D9E500474952 /* MealPlanExtension.appex */ = {isa = PBXFileReference; explicitFileType = "wrapper.app-extension"; includeInIndex = 0; path = MealPlanExtension.appex; sourceTree = BUILT_PRODUCTS_DIR; };
		74505E1E2D35D9E500474952 /* WidgetKit.framework */ = {isa = PBXFileReference; lastKnownFileType = wrapper.framework; name = WidgetKit.framework; path = System/Library/Frameworks/WidgetKit.framework; sourceTree = SDKROOT; };
		74505E202D35D9E600474952 /* SwiftUI.framework */ = {isa = PBXFileReference; lastKnownFileType = wrapper.framework; name = SwiftUI.framework; path = System/Library/Frameworks/SwiftUI.framework; sourceTree = SDKROOT; };
		74727A952D4C414100E8D7FC /* APIManager.swift */ = {isa = PBXFileReference; lastKnownFileType = sourcecode.swift; path = APIManager.swift; sourceTree = "<group>"; };
/* End PBXFileReference section */

/* Begin PBXFileSystemSynchronizedBuildFileExceptionSet section */
		74505E162D35D7EA00474952 /* Exceptions for "HikeBite" folder in "HikeBite" target */ = {
			isa = PBXFileSystemSynchronizedBuildFileExceptionSet;
			membershipExceptions = (
				Info.plist,
			);
			target = 7400E1002D35CE1A0013D1FC /* HikeBite */;
		};
		74505E322D35D9E900474952 /* Exceptions for "MealPlan" folder in "MealPlanExtension" target */ = {
			isa = PBXFileSystemSynchronizedBuildFileExceptionSet;
			membershipExceptions = (
				Info.plist,
			);
			target = 74505E1B2D35D9E500474952 /* MealPlanExtension */;
		};
/* End PBXFileSystemSynchronizedBuildFileExceptionSet section */

/* Begin PBXFileSystemSynchronizedRootGroup section */
		7400E1032D35CE1A0013D1FC /* HikeBite */ = {
			isa = PBXFileSystemSynchronizedRootGroup;
			exceptions = (
				74505E162D35D7EA00474952 /* Exceptions for "HikeBite" folder in "HikeBite" target */,
			);
			path = HikeBite;
			sourceTree = "<group>";
		};
		7400E1142D35CE1D0013D1FC /* HikeBiteTests */ = {
			isa = PBXFileSystemSynchronizedRootGroup;
			path = HikeBiteTests;
			sourceTree = "<group>";
		};
		7400E11E2D35CE1D0013D1FC /* HikeBiteUITests */ = {
			isa = PBXFileSystemSynchronizedRootGroup;
			path = HikeBiteUITests;
			sourceTree = "<group>";
		};
		74505E222D35D9E600474952 /* MealPlan */ = {
			isa = PBXFileSystemSynchronizedRootGroup;
			exceptions = (
				74505E322D35D9E900474952 /* Exceptions for "MealPlan" folder in "MealPlanExtension" target */,
			);
			path = MealPlan;
			sourceTree = "<group>";
		};
/* End PBXFileSystemSynchronizedRootGroup section */

/* Begin PBXFrameworksBuildPhase section */
		7400E0FE2D35CE1A0013D1FC /* Frameworks */ = {
			isa = PBXFrameworksBuildPhase;
			buildActionMask = 2147483647;
			files = (
				7415CD242D3C2184008C36E1 /* FirebaseAppCheck in Frameworks */,
				7415CD1E2D3C2184008C36E1 /* FirebaseAnalytics in Frameworks */,
				7415CD2E2D3C3F22008C36E1 /* FirebaseStorage in Frameworks */,
				7415CD262D3C2184008C36E1 /* FirebaseAppDistribution-Beta in Frameworks */,
				7415CD222D3C2184008C36E1 /* FirebaseAnalyticsWithoutAdIdSupport in Frameworks */,
				7415CD2A2D3C3E18008C36E1 /* FirebaseCore in Frameworks */,
				7415CD202D3C2184008C36E1 /* FirebaseAnalyticsOnDeviceConversion in Frameworks */,
				7415CD282D3C3DF3008C36E1 /* FirebaseFirestore in Frameworks */,
				7415CD2C2D3C3F15008C36E1 /* FirebaseAuth in Frameworks */,
			);
			runOnlyForDeploymentPostprocessing = 0;
		};
		7400E10E2D35CE1D0013D1FC /* Frameworks */ = {
			isa = PBXFrameworksBuildPhase;
			buildActionMask = 2147483647;
			files = (
				742C8A0A2D4C3A2200DB92CC /* FirebaseAppCheck in Frameworks */,
			);
			runOnlyForDeploymentPostprocessing = 0;
		};
		7400E1182D35CE1D0013D1FC /* Frameworks */ = {
			isa = PBXFrameworksBuildPhase;
			buildActionMask = 2147483647;
			files = (
			);
			runOnlyForDeploymentPostprocessing = 0;
		};
		74505E192D35D9E500474952 /* Frameworks */ = {
			isa = PBXFrameworksBuildPhase;
			buildActionMask = 2147483647;
			files = (
				74505E212D35D9E600474952 /* SwiftUI.framework in Frameworks */,
				74505E1F2D35D9E600474952 /* WidgetKit.framework in Frameworks */,
			);
			runOnlyForDeploymentPostprocessing = 0;
		};
/* End PBXFrameworksBuildPhase section */

/* Begin PBXGroup section */
		7400E0F82D35CE190013D1FC = {
			isa = PBXGroup;
			children = (
				74727A952D4C414100E8D7FC /* APIManager.swift */,
				7400E1032D35CE1A0013D1FC /* HikeBite */,
				7400E1142D35CE1D0013D1FC /* HikeBiteTests */,
				7400E11E2D35CE1D0013D1FC /* HikeBiteUITests */,
				74505E222D35D9E600474952 /* MealPlan */,
				74505E1D2D35D9E500474952 /* Frameworks */,
				7400E1022D35CE1A0013D1FC /* Products */,
			);
			sourceTree = "<group>";
		};
		7400E1022D35CE1A0013D1FC /* Products */ = {
			isa = PBXGroup;
			children = (
				7400E1012D35CE1A0013D1FC /* HikeBite.app */,
				7400E1112D35CE1D0013D1FC /* HikeBiteTests.xctest */,
				7400E11B2D35CE1D0013D1FC /* HikeBiteUITests.xctest */,
				74505E1C2D35D9E500474952 /* MealPlanExtension.appex */,
			);
			name = Products;
			sourceTree = "<group>";
		};
		74505E1D2D35D9E500474952 /* Frameworks */ = {
			isa = PBXGroup;
			children = (
				74505E1E2D35D9E500474952 /* WidgetKit.framework */,
				74505E202D35D9E600474952 /* SwiftUI.framework */,
			);
			name = Frameworks;
			sourceTree = "<group>";
		};
/* End PBXGroup section */

/* Begin PBXNativeTarget section */
		7400E1002D35CE1A0013D1FC /* HikeBite */ = {
			isa = PBXNativeTarget;
			buildConfigurationList = 7400E1252D35CE1D0013D1FC /* Build configuration list for PBXNativeTarget "HikeBite" */;
			buildPhases = (
				7400E0FD2D35CE1A0013D1FC /* Sources */,
				7400E0FE2D35CE1A0013D1FC /* Frameworks */,
				7400E0FF2D35CE1A0013D1FC /* Resources */,
				74505E332D35D9E900474952 /* Embed Foundation Extensions */,
			);
			buildRules = (
			);
			dependencies = (
				74505E352D35DE6F00474952 /* PBXTargetDependency */,
				74505E2D2D35D9E900474952 /* PBXTargetDependency */,
			);
			fileSystemSynchronizedGroups = (
				7400E1032D35CE1A0013D1FC /* HikeBite */,
			);
			name = HikeBite;
			packageProductDependencies = (
				7415CD1D2D3C2184008C36E1 /* FirebaseAnalytics */,
				7415CD1F2D3C2184008C36E1 /* FirebaseAnalyticsOnDeviceConversion */,
				7415CD212D3C2184008C36E1 /* FirebaseAnalyticsWithoutAdIdSupport */,
				7415CD232D3C2184008C36E1 /* FirebaseAppCheck */,
				7415CD252D3C2184008C36E1 /* FirebaseAppDistribution-Beta */,
				7415CD272D3C3DF3008C36E1 /* FirebaseFirestore */,
				7415CD292D3C3E18008C36E1 /* FirebaseCore */,
				7415CD2B2D3C3F15008C36E1 /* FirebaseAuth */,
				7415CD2D2D3C3F22008C36E1 /* FirebaseStorage */,
			);
			productName = HikeBite;
			productReference = 7400E1012D35CE1A0013D1FC /* HikeBite.app */;
			productType = "com.apple.product-type.application";
		};
		7400E1102D35CE1D0013D1FC /* HikeBiteTests */ = {
			isa = PBXNativeTarget;
			buildConfigurationList = 7400E1282D35CE1D0013D1FC /* Build configuration list for PBXNativeTarget "HikeBiteTests" */;
			buildPhases = (
				7400E10D2D35CE1D0013D1FC /* Sources */,
				7400E10E2D35CE1D0013D1FC /* Frameworks */,
				7400E10F2D35CE1D0013D1FC /* Resources */,
			);
			buildRules = (
			);
			dependencies = (
				7400E1132D35CE1D0013D1FC /* PBXTargetDependency */,
			);
			fileSystemSynchronizedGroups = (
				7400E1142D35CE1D0013D1FC /* HikeBiteTests */,
			);
			name = HikeBiteTests;
			packageProductDependencies = (
				742C8A092D4C3A2200DB92CC /* FirebaseAppCheck */,
			);
			productName = HikeBiteTests;
			productReference = 7400E1112D35CE1D0013D1FC /* HikeBiteTests.xctest */;
			productType = "com.apple.product-type.bundle.unit-test";
		};
		7400E11A2D35CE1D0013D1FC /* HikeBiteUITests */ = {
			isa = PBXNativeTarget;
			buildConfigurationList = 7400E12B2D35CE1D0013D1FC /* Build configuration list for PBXNativeTarget "HikeBiteUITests" */;
			buildPhases = (
				7400E1172D35CE1D0013D1FC /* Sources */,
				7400E1182D35CE1D0013D1FC /* Frameworks */,
				7400E1192D35CE1D0013D1FC /* Resources */,
			);
			buildRules = (
			);
			dependencies = (
				7400E11D2D35CE1D0013D1FC /* PBXTargetDependency */,
			);
			fileSystemSynchronizedGroups = (
				7400E11E2D35CE1D0013D1FC /* HikeBiteUITests */,
			);
			name = HikeBiteUITests;
			packageProductDependencies = (
			);
			productName = HikeBiteUITests;
			productReference = 7400E11B2D35CE1D0013D1FC /* HikeBiteUITests.xctest */;
			productType = "com.apple.product-type.bundle.ui-testing";
		};
		74505E1B2D35D9E500474952 /* MealPlanExtension */ = {
			isa = PBXNativeTarget;
			buildConfigurationList = 74505E2F2D35D9E900474952 /* Build configuration list for PBXNativeTarget "MealPlanExtension" */;
			buildPhases = (
				74505E182D35D9E500474952 /* Sources */,
				74505E192D35D9E500474952 /* Frameworks */,
				74505E1A2D35D9E500474952 /* Resources */,
			);
			buildRules = (
			);
			dependencies = (
			);
			fileSystemSynchronizedGroups = (
				74505E222D35D9E600474952 /* MealPlan */,
			);
			name = MealPlanExtension;
			packageProductDependencies = (
			);
			productName = MealPlanExtension;
			productReference = 74505E1C2D35D9E500474952 /* MealPlanExtension.appex */;
			productType = "com.apple.product-type.app-extension";
		};
/* End PBXNativeTarget section */

/* Begin PBXProject section */
		7400E0F92D35CE190013D1FC /* Project object */ = {
			isa = PBXProject;
			attributes = {
				BuildIndependentTargetsInParallel = 1;
				LastSwiftUpdateCheck = 1620;
				LastUpgradeCheck = 1620;
				TargetAttributes = {
					7400E1002D35CE1A0013D1FC = {
						CreatedOnToolsVersion = 16.2;
					};
					7400E1102D35CE1D0013D1FC = {
						CreatedOnToolsVersion = 16.2;
						TestTargetID = 7400E1002D35CE1A0013D1FC;
					};
					7400E11A2D35CE1D0013D1FC = {
						CreatedOnToolsVersion = 16.2;
						TestTargetID = 7400E1002D35CE1A0013D1FC;
					};
					74505E1B2D35D9E500474952 = {
						CreatedOnToolsVersion = 16.2;
					};
				};
			};
			buildConfigurationList = 7400E0FC2D35CE190013D1FC /* Build configuration list for PBXProject "HikeBite" */;
			developmentRegion = en;
			hasScannedForEncodings = 0;
			knownRegions = (
				en,
				Base,
			);
			mainGroup = 7400E0F82D35CE190013D1FC;
			minimizedProjectReferenceProxies = 1;
			packageReferences = (
				74505E172D35D91400474952 /* XCRemoteSwiftPackageReference "SwiftLintPlugins" */,
				7415CD1C2D3C2184008C36E1 /* XCRemoteSwiftPackageReference "firebase-ios-sdk" */,
			);
			preferredProjectObjectVersion = 77;
			productRefGroup = 7400E1022D35CE1A0013D1FC /* Products */;
			projectDirPath = "";
			projectRoot = "";
			targets = (
				7400E1002D35CE1A0013D1FC /* HikeBite */,
				7400E1102D35CE1D0013D1FC /* HikeBiteTests */,
				7400E11A2D35CE1D0013D1FC /* HikeBiteUITests */,
				74505E1B2D35D9E500474952 /* MealPlanExtension */,
			);
		};
/* End PBXProject section */

/* Begin PBXResourcesBuildPhase section */
		7400E0FF2D35CE1A0013D1FC /* Resources */ = {
			isa = PBXResourcesBuildPhase;
			buildActionMask = 2147483647;
			files = (
			);
			runOnlyForDeploymentPostprocessing = 0;
		};
		7400E10F2D35CE1D0013D1FC /* Resources */ = {
			isa = PBXResourcesBuildPhase;
			buildActionMask = 2147483647;
			files = (
			);
			runOnlyForDeploymentPostprocessing = 0;
		};
		7400E1192D35CE1D0013D1FC /* Resources */ = {
			isa = PBXResourcesBuildPhase;
			buildActionMask = 2147483647;
			files = (
			);
			runOnlyForDeploymentPostprocessing = 0;
		};
		74505E1A2D35D9E500474952 /* Resources */ = {
			isa = PBXResourcesBuildPhase;
			buildActionMask = 2147483647;
			files = (
			);
			runOnlyForDeploymentPostprocessing = 0;
		};
/* End PBXResourcesBuildPhase section */

/* Begin PBXSourcesBuildPhase section */
		7400E0FD2D35CE1A0013D1FC /* Sources */ = {
			isa = PBXSourcesBuildPhase;
			buildActionMask = 2147483647;
			files = (
				74727A962D4C414100E8D7FC /* APIManager.swift in Sources */,
			);
			runOnlyForDeploymentPostprocessing = 0;
		};
		7400E10D2D35CE1D0013D1FC /* Sources */ = {
			isa = PBXSourcesBuildPhase;
			buildActionMask = 2147483647;
			files = (
			);
			runOnlyForDeploymentPostprocessing = 0;
		};
		7400E1172D35CE1D0013D1FC /* Sources */ = {
			isa = PBXSourcesBuildPhase;
			buildActionMask = 2147483647;
			files = (
			);
			runOnlyForDeploymentPostprocessing = 0;
		};
		74505E182D35D9E500474952 /* Sources */ = {
			isa = PBXSourcesBuildPhase;
			buildActionMask = 2147483647;
			files = (
			);
			runOnlyForDeploymentPostprocessing = 0;
		};
/* End PBXSourcesBuildPhase section */

/* Begin PBXTargetDependency section */
		7400E1132D35CE1D0013D1FC /* PBXTargetDependency */ = {
			isa = PBXTargetDependency;
			target = 7400E1002D35CE1A0013D1FC /* HikeBite */;
			targetProxy = 7400E1122D35CE1D0013D1FC /* PBXContainerItemProxy */;
		};
		7400E11D2D35CE1D0013D1FC /* PBXTargetDependency */ = {
			isa = PBXTargetDependency;
			target = 7400E1002D35CE1A0013D1FC /* HikeBite */;
			targetProxy = 7400E11C2D35CE1D0013D1FC /* PBXContainerItemProxy */;
		};
		74505E2D2D35D9E900474952 /* PBXTargetDependency */ = {
			isa = PBXTargetDependency;
			target = 74505E1B2D35D9E500474952 /* MealPlanExtension */;
			targetProxy = 74505E2C2D35D9E900474952 /* PBXContainerItemProxy */;
		};
		74505E352D35DE6F00474952 /* PBXTargetDependency */ = {
			isa = PBXTargetDependency;
			productRef = 74505E342D35DE6F00474952 /* SwiftLintBuildToolPlugin */;
		};
/* End PBXTargetDependency section */

/* Begin XCBuildConfiguration section */
		7400E1232D35CE1D0013D1FC /* Debug */ = {
			isa = XCBuildConfiguration;
			baseConfigurationReferenceAnchor = 7400E1032D35CE1A0013D1FC /* HikeBite */;
			baseConfigurationReferenceRelativePath = Secrets.xcconfig;
			buildSettings = {
				ALWAYS_SEARCH_USER_PATHS = NO;
				ASSETCATALOG_COMPILER_GENERATE_SWIFT_ASSET_SYMBOL_EXTENSIONS = YES;
				CLANG_ANALYZER_NONNULL = YES;
				CLANG_ANALYZER_NUMBER_OBJECT_CONVERSION = YES_AGGRESSIVE;
				CLANG_CXX_LANGUAGE_STANDARD = "gnu++20";
				CLANG_ENABLE_MODULES = YES;
				CLANG_ENABLE_OBJC_ARC = YES;
				CLANG_ENABLE_OBJC_WEAK = YES;
				CLANG_WARN_BLOCK_CAPTURE_AUTORELEASING = YES;
				CLANG_WARN_BOOL_CONVERSION = YES;
				CLANG_WARN_COMMA = YES;
				CLANG_WARN_CONSTANT_CONVERSION = YES;
				CLANG_WARN_DEPRECATED_OBJC_IMPLEMENTATIONS = YES;
				CLANG_WARN_DIRECT_OBJC_ISA_USAGE = YES_ERROR;
				CLANG_WARN_DOCUMENTATION_COMMENTS = YES;
				CLANG_WARN_EMPTY_BODY = YES;
				CLANG_WARN_ENUM_CONVERSION = YES;
				CLANG_WARN_INFINITE_RECURSION = YES;
				CLANG_WARN_INT_CONVERSION = YES;
				CLANG_WARN_NON_LITERAL_NULL_CONVERSION = YES;
				CLANG_WARN_OBJC_IMPLICIT_RETAIN_SELF = YES;
				CLANG_WARN_OBJC_LITERAL_CONVERSION = YES;
				CLANG_WARN_OBJC_ROOT_CLASS = YES_ERROR;
				CLANG_WARN_QUOTED_INCLUDE_IN_FRAMEWORK_HEADER = YES;
				CLANG_WARN_RANGE_LOOP_ANALYSIS = YES;
				CLANG_WARN_STRICT_PROTOTYPES = YES;
				CLANG_WARN_SUSPICIOUS_MOVE = YES;
				CLANG_WARN_UNGUARDED_AVAILABILITY = YES_AGGRESSIVE;
				CLANG_WARN_UNREACHABLE_CODE = YES;
				CLANG_WARN__DUPLICATE_METHOD_MATCH = YES;
				COPY_PHASE_STRIP = NO;
				DEBUG_INFORMATION_FORMAT = dwarf;
				ENABLE_STRICT_OBJC_MSGSEND = YES;
				ENABLE_TESTABILITY = YES;
				ENABLE_USER_SCRIPT_SANDBOXING = YES;
				GCC_C_LANGUAGE_STANDARD = gnu17;
				GCC_DYNAMIC_NO_PIC = NO;
				GCC_NO_COMMON_BLOCKS = YES;
				GCC_OPTIMIZATION_LEVEL = 0;
				GCC_PREPROCESSOR_DEFINITIONS = (
					"DEBUG=1",
					"$(inherited)",
				);
				GCC_WARN_64_TO_32_BIT_CONVERSION = YES;
				GCC_WARN_ABOUT_RETURN_TYPE = YES_ERROR;
				GCC_WARN_UNDECLARED_SELECTOR = YES;
				GCC_WARN_UNINITIALIZED_AUTOS = YES_AGGRESSIVE;
				GCC_WARN_UNUSED_FUNCTION = YES;
				GCC_WARN_UNUSED_VARIABLE = YES;
				IPHONEOS_DEPLOYMENT_TARGET = 18.0;
				LOCALIZATION_PREFERS_STRING_CATALOGS = YES;
				MTL_ENABLE_DEBUG_INFO = INCLUDE_SOURCE;
				MTL_FAST_MATH = YES;
				ONLY_ACTIVE_ARCH = YES;
				SDKROOT = iphoneos;
				SWIFT_ACTIVE_COMPILATION_CONDITIONS = "DEBUG $(inherited)";
				SWIFT_OPTIMIZATION_LEVEL = "-Onone";
			};
			name = Debug;
		};
		7400E1242D35CE1D0013D1FC /* Release */ = {
			isa = XCBuildConfiguration;
			baseConfigurationReferenceAnchor = 7400E1032D35CE1A0013D1FC /* HikeBite */;
			baseConfigurationReferenceRelativePath = Secrets.xcconfig;
			buildSettings = {
				ALWAYS_SEARCH_USER_PATHS = NO;
				ASSETCATALOG_COMPILER_GENERATE_SWIFT_ASSET_SYMBOL_EXTENSIONS = YES;
				CLANG_ANALYZER_NONNULL = YES;
				CLANG_ANALYZER_NUMBER_OBJECT_CONVERSION = YES_AGGRESSIVE;
				CLANG_CXX_LANGUAGE_STANDARD = "gnu++20";
				CLANG_ENABLE_MODULES = YES;
				CLANG_ENABLE_OBJC_ARC = YES;
				CLANG_ENABLE_OBJC_WEAK = YES;
				CLANG_WARN_BLOCK_CAPTURE_AUTORELEASING = YES;
				CLANG_WARN_BOOL_CONVERSION = YES;
				CLANG_WARN_COMMA = YES;
				CLANG_WARN_CONSTANT_CONVERSION = YES;
				CLANG_WARN_DEPRECATED_OBJC_IMPLEMENTATIONS = YES;
				CLANG_WARN_DIRECT_OBJC_ISA_USAGE = YES_ERROR;
				CLANG_WARN_DOCUMENTATION_COMMENTS = YES;
				CLANG_WARN_EMPTY_BODY = YES;
				CLANG_WARN_ENUM_CONVERSION = YES;
				CLANG_WARN_INFINITE_RECURSION = YES;
				CLANG_WARN_INT_CONVERSION = YES;
				CLANG_WARN_NON_LITERAL_NULL_CONVERSION = YES;
				CLANG_WARN_OBJC_IMPLICIT_RETAIN_SELF = YES;
				CLANG_WARN_OBJC_LITERAL_CONVERSION = YES;
				CLANG_WARN_OBJC_ROOT_CLASS = YES_ERROR;
				CLANG_WARN_QUOTED_INCLUDE_IN_FRAMEWORK_HEADER = YES;
				CLANG_WARN_RANGE_LOOP_ANALYSIS = YES;
				CLANG_WARN_STRICT_PROTOTYPES = YES;
				CLANG_WARN_SUSPICIOUS_MOVE = YES;
				CLANG_WARN_UNGUARDED_AVAILABILITY = YES_AGGRESSIVE;
				CLANG_WARN_UNREACHABLE_CODE = YES;
				CLANG_WARN__DUPLICATE_METHOD_MATCH = YES;
				COPY_PHASE_STRIP = NO;
				DEBUG_INFORMATION_FORMAT = "dwarf-with-dsym";
				ENABLE_NS_ASSERTIONS = NO;
				ENABLE_STRICT_OBJC_MSGSEND = YES;
				ENABLE_USER_SCRIPT_SANDBOXING = YES;
				GCC_C_LANGUAGE_STANDARD = gnu17;
				GCC_NO_COMMON_BLOCKS = YES;
				GCC_WARN_64_TO_32_BIT_CONVERSION = YES;
				GCC_WARN_ABOUT_RETURN_TYPE = YES_ERROR;
				GCC_WARN_UNDECLARED_SELECTOR = YES;
				GCC_WARN_UNINITIALIZED_AUTOS = YES_AGGRESSIVE;
				GCC_WARN_UNUSED_FUNCTION = YES;
				GCC_WARN_UNUSED_VARIABLE = YES;
				IPHONEOS_DEPLOYMENT_TARGET = 18.0;
				LOCALIZATION_PREFERS_STRING_CATALOGS = YES;
				MTL_ENABLE_DEBUG_INFO = NO;
				MTL_FAST_MATH = YES;
				SDKROOT = iphoneos;
				SWIFT_COMPILATION_MODE = wholemodule;
				VALIDATE_PRODUCT = YES;
			};
			name = Release;
		};
		7400E1262D35CE1D0013D1FC /* Debug */ = {
			isa = XCBuildConfiguration;
			buildSettings = {
				ASSETCATALOG_COMPILER_APPICON_NAME = AppIcon;
				ASSETCATALOG_COMPILER_GLOBAL_ACCENT_COLOR_NAME = AccentColor;
				CODE_SIGN_STYLE = Automatic;
				CURRENT_PROJECT_VERSION = 1;
				DEVELOPMENT_ASSET_PATHS = "\"HikeBite/Preview Content\"";
				ENABLE_PREVIEWS = YES;
				GENERATE_INFOPLIST_FILE = YES;
				INFOPLIST_FILE = HikeBite/Info.plist;
				INFOPLIST_KEY_UIApplicationSceneManifest_Generation = YES;
				INFOPLIST_KEY_UIApplicationSupportsIndirectInputEvents = YES;
				INFOPLIST_KEY_UILaunchScreen_Generation = YES;
				INFOPLIST_KEY_UISupportedInterfaceOrientations_iPad = "UIInterfaceOrientationPortrait UIInterfaceOrientationPortraitUpsideDown UIInterfaceOrientationLandscapeLeft UIInterfaceOrientationLandscapeRight";
				INFOPLIST_KEY_UISupportedInterfaceOrientations_iPhone = "UIInterfaceOrientationPortrait UIInterfaceOrientationLandscapeLeft UIInterfaceOrientationLandscapeRight";
				LD_RUNPATH_SEARCH_PATHS = (
					"$(inherited)",
					"@executable_path/Frameworks",
				);
				MARKETING_VERSION = 1.0;
				PRODUCT_BUNDLE_IDENTIFIER = com.AG.HikeBite;
				PRODUCT_NAME = "$(TARGET_NAME)";
				SWIFT_EMIT_LOC_STRINGS = YES;
				SWIFT_VERSION = 5.0;
				TARGETED_DEVICE_FAMILY = "1,2";
			};
			name = Debug;
		};
		7400E1272D35CE1D0013D1FC /* Release */ = {
			isa = XCBuildConfiguration;
			buildSettings = {
				ASSETCATALOG_COMPILER_APPICON_NAME = AppIcon;
				ASSETCATALOG_COMPILER_GLOBAL_ACCENT_COLOR_NAME = AccentColor;
				CODE_SIGN_STYLE = Automatic;
				CURRENT_PROJECT_VERSION = 1;
				DEVELOPMENT_ASSET_PATHS = "\"HikeBite/Preview Content\"";
				ENABLE_PREVIEWS = YES;
				GENERATE_INFOPLIST_FILE = YES;
				INFOPLIST_FILE = HikeBite/Info.plist;
				INFOPLIST_KEY_UIApplicationSceneManifest_Generation = YES;
				INFOPLIST_KEY_UIApplicationSupportsIndirectInputEvents = YES;
				INFOPLIST_KEY_UILaunchScreen_Generation = YES;
				INFOPLIST_KEY_UISupportedInterfaceOrientations_iPad = "UIInterfaceOrientationPortrait UIInterfaceOrientationPortraitUpsideDown UIInterfaceOrientationLandscapeLeft UIInterfaceOrientationLandscapeRight";
				INFOPLIST_KEY_UISupportedInterfaceOrientations_iPhone = "UIInterfaceOrientationPortrait UIInterfaceOrientationLandscapeLeft UIInterfaceOrientationLandscapeRight";
				LD_RUNPATH_SEARCH_PATHS = (
					"$(inherited)",
					"@executable_path/Frameworks",
				);
				MARKETING_VERSION = 1.0;
				PRODUCT_BUNDLE_IDENTIFIER = com.AG.HikeBite;
				PRODUCT_NAME = "$(TARGET_NAME)";
				SWIFT_EMIT_LOC_STRINGS = YES;
				SWIFT_VERSION = 5.0;
				TARGETED_DEVICE_FAMILY = "1,2";
			};
			name = Release;
		};
		7400E1292D35CE1D0013D1FC /* Debug */ = {
			isa = XCBuildConfiguration;
			buildSettings = {
				BUNDLE_LOADER = "$(TEST_HOST)";
				CODE_SIGN_STYLE = Automatic;
				CURRENT_PROJECT_VERSION = 1;
				GENERATE_INFOPLIST_FILE = YES;
				IPHONEOS_DEPLOYMENT_TARGET = 18.2;
				MARKETING_VERSION = 1.0;
				PRODUCT_BUNDLE_IDENTIFIER = com.AG.HikeBiteTests;
				PRODUCT_NAME = "$(TARGET_NAME)";
				SWIFT_EMIT_LOC_STRINGS = NO;
				SWIFT_VERSION = 5.0;
				TARGETED_DEVICE_FAMILY = "1,2";
				TEST_HOST = "$(BUILT_PRODUCTS_DIR)/HikeBite.app/$(BUNDLE_EXECUTABLE_FOLDER_PATH)/HikeBite";
			};
			name = Debug;
		};
		7400E12A2D35CE1D0013D1FC /* Release */ = {
			isa = XCBuildConfiguration;
			buildSettings = {
				BUNDLE_LOADER = "$(TEST_HOST)";
				CODE_SIGN_STYLE = Automatic;
				CURRENT_PROJECT_VERSION = 1;
				GENERATE_INFOPLIST_FILE = YES;
				IPHONEOS_DEPLOYMENT_TARGET = 18.2;
				MARKETING_VERSION = 1.0;
				PRODUCT_BUNDLE_IDENTIFIER = com.AG.HikeBiteTests;
				PRODUCT_NAME = "$(TARGET_NAME)";
				SWIFT_EMIT_LOC_STRINGS = NO;
				SWIFT_VERSION = 5.0;
				TARGETED_DEVICE_FAMILY = "1,2";
				TEST_HOST = "$(BUILT_PRODUCTS_DIR)/HikeBite.app/$(BUNDLE_EXECUTABLE_FOLDER_PATH)/HikeBite";
			};
			name = Release;
		};
		7400E12C2D35CE1D0013D1FC /* Debug */ = {
			isa = XCBuildConfiguration;
			buildSettings = {
				CODE_SIGN_STYLE = Automatic;
				CURRENT_PROJECT_VERSION = 1;
				GENERATE_INFOPLIST_FILE = YES;
				MARKETING_VERSION = 1.0;
				PRODUCT_BUNDLE_IDENTIFIER = com.AG.HikeBiteUITests;
				PRODUCT_NAME = "$(TARGET_NAME)";
				SWIFT_EMIT_LOC_STRINGS = NO;
				SWIFT_VERSION = 5.0;
				TARGETED_DEVICE_FAMILY = "1,2";
				TEST_TARGET_NAME = HikeBite;
			};
			name = Debug;
		};
		7400E12D2D35CE1D0013D1FC /* Release */ = {
			isa = XCBuildConfiguration;
			buildSettings = {
				CODE_SIGN_STYLE = Automatic;
				CURRENT_PROJECT_VERSION = 1;
				GENERATE_INFOPLIST_FILE = YES;
				MARKETING_VERSION = 1.0;
				PRODUCT_BUNDLE_IDENTIFIER = com.AG.HikeBiteUITests;
				PRODUCT_NAME = "$(TARGET_NAME)";
				SWIFT_EMIT_LOC_STRINGS = NO;
				SWIFT_VERSION = 5.0;
				TARGETED_DEVICE_FAMILY = "1,2";
				TEST_TARGET_NAME = HikeBite;
			};
			name = Release;
		};
		74505E302D35D9E900474952 /* Debug */ = {
			isa = XCBuildConfiguration;
			buildSettings = {
				ASSETCATALOG_COMPILER_GLOBAL_ACCENT_COLOR_NAME = AccentColor;
				ASSETCATALOG_COMPILER_WIDGET_BACKGROUND_COLOR_NAME = WidgetBackground;
				CODE_SIGN_STYLE = Automatic;
				CURRENT_PROJECT_VERSION = 1;
				GENERATE_INFOPLIST_FILE = YES;
				INFOPLIST_FILE = MealPlan/Info.plist;
				INFOPLIST_KEY_CFBundleDisplayName = MealPlan;
				INFOPLIST_KEY_NSHumanReadableCopyright = "";
				LD_RUNPATH_SEARCH_PATHS = (
					"$(inherited)",
					"@executable_path/Frameworks",
					"@executable_path/../../Frameworks",
				);
				MARKETING_VERSION = 1.0;
				PRODUCT_BUNDLE_IDENTIFIER = com.AG.HikeBite.MealPlan;
				PRODUCT_NAME = "$(TARGET_NAME)";
				SKIP_INSTALL = YES;
				SWIFT_EMIT_LOC_STRINGS = YES;
				SWIFT_VERSION = 5.0;
				TARGETED_DEVICE_FAMILY = "1,2";
			};
			name = Debug;
		};
		74505E312D35D9E900474952 /* Release */ = {
			isa = XCBuildConfiguration;
			buildSettings = {
				ASSETCATALOG_COMPILER_GLOBAL_ACCENT_COLOR_NAME = AccentColor;
				ASSETCATALOG_COMPILER_WIDGET_BACKGROUND_COLOR_NAME = WidgetBackground;
				CODE_SIGN_STYLE = Automatic;
				CURRENT_PROJECT_VERSION = 1;
				GENERATE_INFOPLIST_FILE = YES;
				INFOPLIST_FILE = MealPlan/Info.plist;
				INFOPLIST_KEY_CFBundleDisplayName = MealPlan;
				INFOPLIST_KEY_NSHumanReadableCopyright = "";
				LD_RUNPATH_SEARCH_PATHS = (
					"$(inherited)",
					"@executable_path/Frameworks",
					"@executable_path/../../Frameworks",
				);
				MARKETING_VERSION = 1.0;
				PRODUCT_BUNDLE_IDENTIFIER = com.AG.HikeBite.MealPlan;
				PRODUCT_NAME = "$(TARGET_NAME)";
				SKIP_INSTALL = YES;
				SWIFT_EMIT_LOC_STRINGS = YES;
				SWIFT_VERSION = 5.0;
				TARGETED_DEVICE_FAMILY = "1,2";
			};
			name = Release;
		};
/* End XCBuildConfiguration section */

/* Begin XCConfigurationList section */
		7400E0FC2D35CE190013D1FC /* Build configuration list for PBXProject "HikeBite" */ = {
			isa = XCConfigurationList;
			buildConfigurations = (
				7400E1232D35CE1D0013D1FC /* Debug */,
				7400E1242D35CE1D0013D1FC /* Release */,
			);
			defaultConfigurationIsVisible = 0;
			defaultConfigurationName = Release;
		};
		7400E1252D35CE1D0013D1FC /* Build configuration list for PBXNativeTarget "HikeBite" */ = {
			isa = XCConfigurationList;
			buildConfigurations = (
				7400E1262D35CE1D0013D1FC /* Debug */,
				7400E1272D35CE1D0013D1FC /* Release */,
			);
			defaultConfigurationIsVisible = 0;
			defaultConfigurationName = Release;
		};
		7400E1282D35CE1D0013D1FC /* Build configuration list for PBXNativeTarget "HikeBiteTests" */ = {
			isa = XCConfigurationList;
			buildConfigurations = (
				7400E1292D35CE1D0013D1FC /* Debug */,
				7400E12A2D35CE1D0013D1FC /* Release */,
			);
			defaultConfigurationIsVisible = 0;
			defaultConfigurationName = Release;
		};
		7400E12B2D35CE1D0013D1FC /* Build configuration list for PBXNativeTarget "HikeBiteUITests" */ = {
			isa = XCConfigurationList;
			buildConfigurations = (
				7400E12C2D35CE1D0013D1FC /* Debug */,
				7400E12D2D35CE1D0013D1FC /* Release */,
			);
			defaultConfigurationIsVisible = 0;
			defaultConfigurationName = Release;
		};
		74505E2F2D35D9E900474952 /* Build configuration list for PBXNativeTarget "MealPlanExtension" */ = {
			isa = XCConfigurationList;
			buildConfigurations = (
				74505E302D35D9E900474952 /* Debug */,
				74505E312D35D9E900474952 /* Release */,
			);
			defaultConfigurationIsVisible = 0;
			defaultConfigurationName = Release;
		};
/* End XCConfigurationList section */

/* Begin XCRemoteSwiftPackageReference section */
		7415CD1C2D3C2184008C36E1 /* XCRemoteSwiftPackageReference "firebase-ios-sdk" */ = {
			isa = XCRemoteSwiftPackageReference;
			repositoryURL = "https://github.com/firebase/firebase-ios-sdk";
			requirement = {
				kind = upToNextMajorVersion;
				minimumVersion = 11.7.0;
			};
		};
		74505E172D35D91400474952 /* XCRemoteSwiftPackageReference "SwiftLintPlugins" */ = {
			isa = XCRemoteSwiftPackageReference;
			repositoryURL = "https://github.com/SimplyDanny/SwiftLintPlugins";
			requirement = {
				kind = upToNextMajorVersion;
				minimumVersion = 0.58.0;
			};
		};
/* End XCRemoteSwiftPackageReference section */

/* Begin XCSwiftPackageProductDependency section */
		7415CD1D2D3C2184008C36E1 /* FirebaseAnalytics */ = {
			isa = XCSwiftPackageProductDependency;
			package = 7415CD1C2D3C2184008C36E1 /* XCRemoteSwiftPackageReference "firebase-ios-sdk" */;
			productName = FirebaseAnalytics;
		};
		7415CD1F2D3C2184008C36E1 /* FirebaseAnalyticsOnDeviceConversion */ = {
			isa = XCSwiftPackageProductDependency;
			package = 7415CD1C2D3C2184008C36E1 /* XCRemoteSwiftPackageReference "firebase-ios-sdk" */;
			productName = FirebaseAnalyticsOnDeviceConversion;
		};
		7415CD212D3C2184008C36E1 /* FirebaseAnalyticsWithoutAdIdSupport */ = {
			isa = XCSwiftPackageProductDependency;
			package = 7415CD1C2D3C2184008C36E1 /* XCRemoteSwiftPackageReference "firebase-ios-sdk" */;
			productName = FirebaseAnalyticsWithoutAdIdSupport;
		};
		7415CD232D3C2184008C36E1 /* FirebaseAppCheck */ = {
			isa = XCSwiftPackageProductDependency;
			package = 7415CD1C2D3C2184008C36E1 /* XCRemoteSwiftPackageReference "firebase-ios-sdk" */;
			productName = FirebaseAppCheck;
		};
		7415CD252D3C2184008C36E1 /* FirebaseAppDistribution-Beta */ = {
			isa = XCSwiftPackageProductDependency;
			package = 7415CD1C2D3C2184008C36E1 /* XCRemoteSwiftPackageReference "firebase-ios-sdk" */;
			productName = "FirebaseAppDistribution-Beta";
		};
		7415CD272D3C3DF3008C36E1 /* FirebaseFirestore */ = {
			isa = XCSwiftPackageProductDependency;
			package = 7415CD1C2D3C2184008C36E1 /* XCRemoteSwiftPackageReference "firebase-ios-sdk" */;
			productName = FirebaseFirestore;
		};
		7415CD292D3C3E18008C36E1 /* FirebaseCore */ = {
			isa = XCSwiftPackageProductDependency;
			package = 7415CD1C2D3C2184008C36E1 /* XCRemoteSwiftPackageReference "firebase-ios-sdk" */;
			productName = FirebaseCore;
		};
		7415CD2B2D3C3F15008C36E1 /* FirebaseAuth */ = {
			isa = XCSwiftPackageProductDependency;
			package = 7415CD1C2D3C2184008C36E1 /* XCRemoteSwiftPackageReference "firebase-ios-sdk" */;
			productName = FirebaseAuth;
		};
		7415CD2D2D3C3F22008C36E1 /* FirebaseStorage */ = {
			isa = XCSwiftPackageProductDependency;
			package = 7415CD1C2D3C2184008C36E1 /* XCRemoteSwiftPackageReference "firebase-ios-sdk" */;
			productName = FirebaseStorage;
		};
		742C8A092D4C3A2200DB92CC /* FirebaseAppCheck */ = {
			isa = XCSwiftPackageProductDependency;
			package = 7415CD1C2D3C2184008C36E1 /* XCRemoteSwiftPackageReference "firebase-ios-sdk" */;
			productName = FirebaseAppCheck;
		};
		74505E342D35DE6F00474952 /* SwiftLintBuildToolPlugin */ = {
			isa = XCSwiftPackageProductDependency;
			package = 74505E172D35D91400474952 /* XCRemoteSwiftPackageReference "SwiftLintPlugins" */;
			productName = "plugin:SwiftLintBuildToolPlugin";
		};
/* End XCSwiftPackageProductDependency section */
	};
	rootObject = 7400E0F92D35CE190013D1FC /* Project object */;
}
